
Microsoft Visual Studio Solution File, Format Version 12.00
# Visual Studio 14
VisualStudioVersion = 14.0.25420.1
MinimumVisualStudioVersion = 10.0.40219.1
Project("{FAE04EC0-301F-11D3-BF4B-00C04F79EFBC}") = "Library", "Library\Library.csproj", "{D7DDE982-8E28-4703-BDBB-91A5A46E1EB3}"
EndProject
Project("{FAE04EC0-301F-11D3-BF4B-00C04F79EFBC}") = "LibraryDAL", "LibraryDAL\LibraryDAL.csproj", "{2D13579C-DF43-4629-A943-B6E006BC20B8}"
EndProject
Project("{FAE04EC0-301F-11D3-BF4B-00C04F79EFBC}") = "LibraryModel", "LibraryModel\LibraryModel.csproj", "{8AC39703-9B40-431A-935F-9424CDB28921}"
EndProject
Project("{FAE04EC0-301F-11D3-BF4B-00C04F79EFBC}") = "LibraryCommon", "LibraryCommon\LibraryCommon.csproj", "{92E7CFE1-2F90-42CA-85CC-B256B4F370DC}"
EndProject
Project("{FAE04EC0-301F-11D3-BF4B-00C04F79EFBC}") = "LibraryBLL", "LibraryBLL\LibraryBLL.csproj", "{1321BAAF-E538-4B3C-A6F1-C7F904D218B4}"
EndProject
Project("{FAE04EC0-301F-11D3-BF4B-00C04F79EFBC}") = "UnitTestWeb", "UnitTestWeb\UnitTestWeb.csproj", "{E7D75F21-9CD7-4414-BB67-E18254050E12}"
EndProject
Project("{2150E333-8FDC-42A3-9474-1A3956D46DE8}") = "UI", "UI", "{E8440D00-9A45-4F83-AE4B-66912957F558}"
EndProject
Project("{2150E333-8FDC-42A3-9474-1A3956D46DE8}") = "BLL", "BLL", "{8F5915BD-96F8-43E0-A069-6F7758351EEF}"
EndProject
Project("{2150E333-8FDC-42A3-9474-1A3956D46DE8}") = "DAL", "DAL", "{EA0697C9-14EE-40B5-BA89-E951A9C2BF4E}"
EndProject
Project("{2150E333-8FDC-42A3-9474-1A3956D46DE8}") = "infrastructure", "infrastructure", "{F0DB7A7D-17C7-406A-A708-58ADBE4568A1}"
EndProject
Project("{2150E333-8FDC-42A3-9474-1A3956D46DE8}") = "Test", "Test", "{95F07892-C777-4643-9C04-0B86C07A3486}"
EndProject
Project("{FAE04EC0-301F-11D3-BF4B-00C04F79EFBC}") = "Library.Controller", "Library.Controller\Library.Controller.csproj", "{2E988B42-27E6-46C6-8FE1-0A450935072A}"
EndProject
Global
	GlobalSection(SolutionConfigurationPlatforms) = preSolution
		Debug|Any CPU = Debug|Any CPU
		Release|Any CPU = Release|Any CPU
	EndGlobalSection
	GlobalSection(ProjectConfigurationPlatforms) = postSolution
		{D7DDE982-8E28-4703-BDBB-91A5A46E1EB3}.Debug|Any CPU.ActiveCfg = Debug|Any CPU
		{D7DDE982-8E28-4703-BDBB-91A5A46E1EB3}.Debug|Any CPU.Build.0 = Debug|Any CPU
		{D7DDE982-8E28-4703-BDBB-91A5A46E1EB3}.Release|Any CPU.ActiveCfg = Release|Any CPU
		{D7DDE982-8E28-4703-BDBB-91A5A46E1EB3}.Release|Any CPU.Build.0 = Release|Any CPU
		{2D13579C-DF43-4629-A943-B6E006BC20B8}.Debug|Any CPU.ActiveCfg = Debug|Any CPU
		{2D13579C-DF43-4629-A943-B6E006BC20B8}.Debug|Any CPU.Build.0 = Debug|Any CPU
		{2D13579C-DF43-4629-A943-B6E006BC20B8}.Release|Any CPU.ActiveCfg = Release|Any CPU
		{2D13579C-DF43-4629-A943-B6E006BC20B8}.Release|Any CPU.Build.0 = Release|Any CPU
		{8AC39703-9B40-431A-935F-9424CDB28921}.Debug|Any CPU.ActiveCfg = Debug|Any CPU
		{8AC39703-9B40-431A-935F-9424CDB28921}.Debug|Any CPU.Build.0 = Debug|Any CPU
		{8AC39703-9B40-431A-935F-9424CDB28921}.Release|Any CPU.ActiveCfg = Release|Any CPU
		{8AC39703-9B40-431A-935F-9424CDB28921}.Release|Any CPU.Build.0 = Release|Any CPU
		{92E7CFE1-2F90-42CA-85CC-B256B4F370DC}.Debug|Any CPU.ActiveCfg = Debug|Any CPU
		{92E7CFE1-2F90-42CA-85CC-B256B4F370DC}.Debug|Any CPU.Build.0 = Debug|Any CPU
		{92E7CFE1-2F90-42CA-85CC-B256B4F370DC}.Release|Any CPU.ActiveCfg = Release|Any CPU
		{92E7CFE1-2F90-42CA-85CC-B256B4F370DC}.Release|Any CPU.Build.0 = Release|Any CPU
		{1321BAAF-E538-4B3C-A6F1-C7F904D218B4}.Debug|Any CPU.ActiveCfg = Debug|Any CPU
		{1321BAAF-E538-4B3C-A6F1-C7F904D218B4}.Debug|Any CPU.Build.0 = Debug|Any CPU
		{1321BAAF-E538-4B3C-A6F1-C7F904D218B4}.Release|Any CPU.ActiveCfg = Release|Any CPU
		{1321BAAF-E538-4B3C-A6F1-C7F904D218B4}.Release|Any CPU.Build.0 = Release|Any CPU
		{E7D75F21-9CD7-4414-BB67-E18254050E12}.Debug|Any CPU.ActiveCfg = Debug|Any CPU
		{E7D75F21-9CD7-4414-BB67-E18254050E12}.Debug|Any CPU.Build.0 = Debug|Any CPU
		{E7D75F21-9CD7-4414-BB67-E18254050E12}.Release|Any CPU.ActiveCfg = Release|Any CPU
		{E7D75F21-9CD7-4414-BB67-E18254050E12}.Release|Any CPU.Build.0 = Release|Any CPU
		{2E988B42-27E6-46C6-8FE1-0A450935072A}.Debug|Any CPU.ActiveCfg = Debug|Any CPU
		{2E988B42-27E6-46C6-8FE1-0A450935072A}.Debug|Any CPU.Build.0 = Debug|Any CPU
		{2E988B42-27E6-46C6-8FE1-0A450935072A}.Release|Any CPU.ActiveCfg = Release|Any CPU
		{2E988B42-27E6-46C6-8FE1-0A450935072A}.Release|Any CPU.Build.0 = Release|Any CPU
	EndGlobalSection
	GlobalSection(SolutionProperties) = preSolution
		HideSolutionNode = FALSE
	EndGlobalSection
	GlobalSection(NestedProjects) = preSolution
		{D7DDE982-8E28-4703-BDBB-91A5A46E1EB3} = {E8440D00-9A45-4F83-AE4B-66912957F558}
		{2D13579C-DF43-4629-A943-B6E006BC20B8} = {EA0697C9-14EE-40B5-BA89-E951A9C2BF4E}
		{8AC39703-9B40-431A-935F-9424CDB28921} = {F0DB7A7D-17C7-406A-A708-58ADBE4568A1}
		{92E7CFE1-2F90-42CA-85CC-B256B4F370DC} = {F0DB7A7D-17C7-406A-A708-58ADBE4568A1}
		{1321BAAF-E538-4B3C-A6F1-C7F904D218B4} = {8F5915BD-96F8-43E0-A069-6F7758351EEF}
		{E7D75F21-9CD7-4414-BB67-E18254050E12} = {95F07892-C777-4643-9C04-0B86C07A3486}
		{2E988B42-27E6-46C6-8FE1-0A450935072A} = {E8440D00-9A45-4F83-AE4B-66912957F558}
	EndGlobalSection
EndGlobal
